
Microsoft Visual Studio Solution File, Format Version 12.00
# Visual Studio 2013
VisualStudioVersion = 12.0.30501.0
MinimumVisualStudioVersion = 10.0.40219.1
Project("{FAE04EC0-301F-11D3-BF4B-00C04F79EFBC}") = "simV.info.WinPhone", "simV.info\simV.info.WinPhone\simV.info.WinPhone.csproj", "{90827859-DBEE-484B-9ED3-49CA72265B12}"
EndProject
Project("{FAE04EC0-301F-11D3-BF4B-00C04F79EFBC}") = "simV.info.iOS", "simV.info\simV.info.iOS\simV.info.iOS.csproj", "{7D9D17BE-B9DC-4FFB-ABD3-F4EDCD441C78}"
EndProject
Project("{FAE04EC0-301F-11D3-BF4B-00C04F79EFBC}") = "simV.info.Android", "simV.info\simV.info.Android\simV.info.Android.csproj", "{E7AE885E-B044-4969-903E-F2AD2F1A004A}"
EndProject
Project("{D954291E-2A0B-460D-934E-DC6B0785DB48}") = "simV.info", "simV.info\simV.info\simV.info.shproj", "{93E05DCC-C578-461C-9CB4-5D1C14D8D435}"
EndProject
Global
	GlobalSection(SharedMSBuildProjectFiles) = preSolution
		simV.info\simV.info\simV.info.projitems*{e7ae885e-b044-4969-903e-f2ad2f1a004a}*SharedItemsImports = 4
		simV.info\simV.info\simV.info.projitems*{90827859-dbee-484b-9ed3-49ca72265b12}*SharedItemsImports = 4
		simV.info\simV.info\simV.info.projitems*{93e05dcc-c578-461c-9cb4-5d1c14d8d435}*SharedItemsImports = 13
		simV.info\simV.info\simV.info.projitems*{7d9d17be-b9dc-4ffb-abd3-f4edcd441c78}*SharedItemsImports = 4
	EndGlobalSection
	GlobalSection(SolutionConfigurationPlatforms) = preSolution
		Ad-Hoc|Any CPU = Ad-Hoc|Any CPU
		Ad-Hoc|ARM = Ad-Hoc|ARM
		Ad-Hoc|iPhone = Ad-Hoc|iPhone
		Ad-Hoc|iPhoneSimulator = Ad-Hoc|iPhoneSimulator
		Ad-Hoc|Mixed Platforms = Ad-Hoc|Mixed Platforms
		Ad-Hoc|x86 = Ad-Hoc|x86
		AppStore|Any CPU = AppStore|Any CPU
		AppStore|ARM = AppStore|ARM
		AppStore|iPhone = AppStore|iPhone
		AppStore|iPhoneSimulator = AppStore|iPhoneSimulator
		AppStore|Mixed Platforms = AppStore|Mixed Platforms
		AppStore|x86 = AppStore|x86
		Debug|Any CPU = Debug|Any CPU
		Debug|ARM = Debug|ARM
		Debug|iPhone = Debug|iPhone
		Debug|iPhoneSimulator = Debug|iPhoneSimulator
		Debug|Mixed Platforms = Debug|Mixed Platforms
		Debug|x86 = Debug|x86
		Release|Any CPU = Release|Any CPU
		Release|ARM = Release|ARM
		Release|iPhone = Release|iPhone
		Release|iPhoneSimulator = Release|iPhoneSimulator
		Release|Mixed Platforms = Release|Mixed Platforms
		Release|x86 = Release|x86
	EndGlobalSection
	GlobalSection(ProjectConfigurationPlatforms) = postSolution
		{90827859-DBEE-484B-9ED3-49CA72265B12}.Ad-Hoc|Any CPU.ActiveCfg = Release|Any CPU
		{90827859-DBEE-484B-9ED3-49CA72265B12}.Ad-Hoc|Any CPU.Build.0 = Release|Any CPU
		{90827859-DBEE-484B-9ED3-49CA72265B12}.Ad-Hoc|Any CPU.Deploy.0 = Release|Any CPU
		{90827859-DBEE-484B-9ED3-49CA72265B12}.Ad-Hoc|ARM.ActiveCfg = Release|ARM
		{90827859-DBEE-484B-9ED3-49CA72265B12}.Ad-Hoc|ARM.Build.0 = Release|ARM
		{90827859-DBEE-484B-9ED3-49CA72265B12}.Ad-Hoc|ARM.Deploy.0 = Release|ARM
		{90827859-DBEE-484B-9ED3-49CA72265B12}.Ad-Hoc|iPhone.ActiveCfg = Release|Any CPU
		{90827859-DBEE-484B-9ED3-49CA72265B12}.Ad-Hoc|iPhoneSimulator.ActiveCfg = Release|Any CPU
		{90827859-DBEE-484B-9ED3-49CA72265B12}.Ad-Hoc|Mixed Platforms.ActiveCfg = Release|x86
		{90827859-DBEE-484B-9ED3-49CA72265B12}.Ad-Hoc|Mixed Platforms.Build.0 = Release|x86
		{90827859-DBEE-484B-9ED3-49CA72265B12}.Ad-Hoc|Mixed Platforms.Deploy.0 = Release|x86
		{90827859-DBEE-484B-9ED3-49CA72265B12}.Ad-Hoc|x86.ActiveCfg = Release|x86
		{90827859-DBEE-484B-9ED3-49CA72265B12}.Ad-Hoc|x86.Build.0 = Release|x86
		{90827859-DBEE-484B-9ED3-49CA72265B12}.Ad-Hoc|x86.Deploy.0 = Release|x86
		{90827859-DBEE-484B-9ED3-49CA72265B12}.AppStore|Any CPU.ActiveCfg = Release|Any CPU
		{90827859-DBEE-484B-9ED3-49CA72265B12}.AppStore|Any CPU.Build.0 = Release|Any CPU
		{90827859-DBEE-484B-9ED3-49CA72265B12}.AppStore|Any CPU.Deploy.0 = Release|Any CPU
		{90827859-DBEE-484B-9ED3-49CA72265B12}.AppStore|ARM.ActiveCfg = Release|ARM
		{90827859-DBEE-484B-9ED3-49CA72265B12}.AppStore|ARM.Build.0 = Release|ARM
		{90827859-DBEE-484B-9ED3-49CA72265B12}.AppStore|ARM.Deploy.0 = Release|ARM
		{90827859-DBEE-484B-9ED3-49CA72265B12}.AppStore|iPhone.ActiveCfg = Release|Any CPU
		{90827859-DBEE-484B-9ED3-49CA72265B12}.AppStore|iPhoneSimulator.ActiveCfg = Release|Any CPU
		{90827859-DBEE-484B-9ED3-49CA72265B12}.AppStore|Mixed Platforms.ActiveCfg = Release|x86
		{90827859-DBEE-484B-9ED3-49CA72265B12}.AppStore|Mixed Platforms.Build.0 = Release|x86
		{90827859-DBEE-484B-9ED3-49CA72265B12}.AppStore|Mixed Platforms.Deploy.0 = Release|x86
		{90827859-DBEE-484B-9ED3-49CA72265B12}.AppStore|x86.ActiveCfg = Release|x86
		{90827859-DBEE-484B-9ED3-49CA72265B12}.AppStore|x86.Build.0 = Release|x86
		{90827859-DBEE-484B-9ED3-49CA72265B12}.AppStore|x86.Deploy.0 = Release|x86
		{90827859-DBEE-484B-9ED3-49CA72265B12}.Debug|Any CPU.ActiveCfg = Debug|Any CPU
		{90827859-DBEE-484B-9ED3-49CA72265B12}.Debug|Any CPU.Build.0 = Debug|Any CPU
		{90827859-DBEE-484B-9ED3-49CA72265B12}.Debug|Any CPU.Deploy.0 = Debug|Any CPU
		{90827859-DBEE-484B-9ED3-49CA72265B12}.Debug|ARM.ActiveCfg = Debug|ARM
		{90827859-DBEE-484B-9ED3-49CA72265B12}.Debug|ARM.Build.0 = Debug|ARM
		{90827859-DBEE-484B-9ED3-49CA72265B12}.Debug|ARM.Deploy.0 = Debug|ARM
		{90827859-DBEE-484B-9ED3-49CA72265B12}.Debug|iPhone.ActiveCfg = Debug|Any CPU
		{90827859-DBEE-484B-9ED3-49CA72265B12}.Debug|iPhoneSimulator.ActiveCfg = Debug|Any CPU
		{90827859-DBEE-484B-9ED3-49CA72265B12}.Debug|Mixed Platforms.ActiveCfg = Debug|x86
		{90827859-DBEE-484B-9ED3-49CA72265B12}.Debug|Mixed Platforms.Build.0 = Debug|x86
		{90827859-DBEE-484B-9ED3-49CA72265B12}.Debug|Mixed Platforms.Deploy.0 = Debug|x86
		{90827859-DBEE-484B-9ED3-49CA72265B12}.Debug|x86.ActiveCfg = Debug|x86
		{90827859-DBEE-484B-9ED3-49CA72265B12}.Debug|x86.Build.0 = Debug|x86
		{90827859-DBEE-484B-9ED3-49CA72265B12}.Debug|x86.Deploy.0 = Debug|x86
		{90827859-DBEE-484B-9ED3-49CA72265B12}.Release|Any CPU.ActiveCfg = Release|Any CPU
		{90827859-DBEE-484B-9ED3-49CA72265B12}.Release|Any CPU.Build.0 = Release|Any CPU
		{90827859-DBEE-484B-9ED3-49CA72265B12}.Release|Any CPU.Deploy.0 = Release|Any CPU
		{90827859-DBEE-484B-9ED3-49CA72265B12}.Release|ARM.ActiveCfg = Release|ARM
		{90827859-DBEE-484B-9ED3-49CA72265B12}.Release|ARM.Build.0 = Release|ARM
		{90827859-DBEE-484B-9ED3-49CA72265B12}.Release|ARM.Deploy.0 = Release|ARM
		{90827859-DBEE-484B-9ED3-49CA72265B12}.Release|iPhone.ActiveCfg = Release|Any CPU
		{90827859-DBEE-484B-9ED3-49CA72265B12}.Release|iPhoneSimulator.ActiveCfg = Release|Any CPU
		{90827859-DBEE-484B-9ED3-49CA72265B12}.Release|Mixed Platforms.ActiveCfg = Release|x86
		{90827859-DBEE-484B-9ED3-49CA72265B12}.Release|Mixed Platforms.Build.0 = Release|x86
		{90827859-DBEE-484B-9ED3-49CA72265B12}.Release|Mixed Platforms.Deploy.0 = Release|x86
		{90827859-DBEE-484B-9ED3-49CA72265B12}.Release|x86.ActiveCfg = Release|x86
		{90827859-DBEE-484B-9ED3-49CA72265B12}.Release|x86.Build.0 = Release|x86
		{90827859-DBEE-484B-9ED3-49CA72265B12}.Release|x86.Deploy.0 = Release|x86
		{7D9D17BE-B9DC-4FFB-ABD3-F4EDCD441C78}.Ad-Hoc|Any CPU.ActiveCfg = Ad-Hoc|iPhone
		{7D9D17BE-B9DC-4FFB-ABD3-F4EDCD441C78}.Ad-Hoc|ARM.ActiveCfg = Ad-Hoc|iPhone
		{7D9D17BE-B9DC-4FFB-ABD3-F4EDCD441C78}.Ad-Hoc|iPhone.ActiveCfg = Ad-Hoc|iPhone
		{7D9D17BE-B9DC-4FFB-ABD3-F4EDCD441C78}.Ad-Hoc|iPhone.Build.0 = Ad-Hoc|iPhone
		{7D9D17BE-B9DC-4FFB-ABD3-F4EDCD441C78}.Ad-Hoc|iPhone.Deploy.0 = Ad-Hoc|iPhone
		{7D9D17BE-B9DC-4FFB-ABD3-F4EDCD441C78}.Ad-Hoc|iPhoneSimulator.ActiveCfg = Ad-Hoc|iPhoneSimulator
		{7D9D17BE-B9DC-4FFB-ABD3-F4EDCD441C78}.Ad-Hoc|iPhoneSimulator.Build.0 = Ad-Hoc|iPhoneSimulator
		{7D9D17BE-B9DC-4FFB-ABD3-F4EDCD441C78}.Ad-Hoc|iPhoneSimulator.Deploy.0 = Ad-Hoc|iPhoneSimulator
		{7D9D17BE-B9DC-4FFB-ABD3-F4EDCD441C78}.Ad-Hoc|Mixed Platforms.ActiveCfg = Ad-Hoc|iPhone
		{7D9D17BE-B9DC-4FFB-ABD3-F4EDCD441C78}.Ad-Hoc|Mixed Platforms.Build.0 = Ad-Hoc|iPhone
		{7D9D17BE-B9DC-4FFB-ABD3-F4EDCD441C78}.Ad-Hoc|Mixed Platforms.Deploy.0 = Ad-Hoc|iPhone
		{7D9D17BE-B9DC-4FFB-ABD3-F4EDCD441C78}.Ad-Hoc|x86.ActiveCfg = Ad-Hoc|iPhone
		{7D9D17BE-B9DC-4FFB-ABD3-F4EDCD441C78}.AppStore|Any CPU.ActiveCfg = AppStore|iPhone
		{7D9D17BE-B9DC-4FFB-ABD3-F4EDCD441C78}.AppStore|ARM.ActiveCfg = AppStore|iPhone
		{7D9D17BE-B9DC-4FFB-ABD3-F4EDCD441C78}.AppStore|iPhone.ActiveCfg = AppStore|iPhone
		{7D9D17BE-B9DC-4FFB-ABD3-F4EDCD441C78}.AppStore|iPhone.Build.0 = AppStore|iPhone
		{7D9D17BE-B9DC-4FFB-ABD3-F4EDCD441C78}.AppStore|iPhone.Deploy.0 = AppStore|iPhone
		{7D9D17BE-B9DC-4FFB-ABD3-F4EDCD441C78}.AppStore|iPhoneSimulator.ActiveCfg = AppStore|iPhoneSimulator
		{7D9D17BE-B9DC-4FFB-ABD3-F4EDCD441C78}.AppStore|iPhoneSimulator.Build.0 = AppStore|iPhoneSimulator
		{7D9D17BE-B9DC-4FFB-ABD3-F4EDCD441C78}.AppStore|iPhoneSimulator.Deploy.0 = AppStore|iPhoneSimulator
		{7D9D17BE-B9DC-4FFB-ABD3-F4EDCD441C78}.AppStore|Mixed Platforms.ActiveCfg = AppStore|iPhone
		{7D9D17BE-B9DC-4FFB-ABD3-F4EDCD441C78}.AppStore|Mixed Platforms.Build.0 = AppStore|iPhone
		{7D9D17BE-B9DC-4FFB-ABD3-F4EDCD441C78}.AppStore|Mixed Platforms.Deploy.0 = AppStore|iPhone
		{7D9D17BE-B9DC-4FFB-ABD3-F4EDCD441C78}.AppStore|x86.ActiveCfg = AppStore|iPhone
		{7D9D17BE-B9DC-4FFB-ABD3-F4EDCD441C78}.Debug|Any CPU.ActiveCfg = Debug|iPhone
		{7D9D17BE-B9DC-4FFB-ABD3-F4EDCD441C78}.Debug|ARM.ActiveCfg = Debug|iPhone
		{7D9D17BE-B9DC-4FFB-ABD3-F4EDCD441C78}.Debug|iPhone.ActiveCfg = Debug|iPhone
		{7D9D17BE-B9DC-4FFB-ABD3-F4EDCD441C78}.Debug|iPhone.Build.0 = Debug|iPhone
		{7D9D17BE-B9DC-4FFB-ABD3-F4EDCD441C78}.Debug|iPhone.Deploy.0 = Debug|iPhone
		{7D9D17BE-B9DC-4FFB-ABD3-F4EDCD441C78}.Debug|iPhoneSimulator.ActiveCfg = Debug|iPhoneSimulator
		{7D9D17BE-B9DC-4FFB-ABD3-F4EDCD441C78}.Debug|iPhoneSimulator.Build.0 = Debug|iPhoneSimulator
		{7D9D17BE-B9DC-4FFB-ABD3-F4EDCD441C78}.Debug|iPhoneSimulator.Deploy.0 = Debug|iPhoneSimulator
		{7D9D17BE-B9DC-4FFB-ABD3-F4EDCD441C78}.Debug|Mixed Platforms.ActiveCfg = Debug|iPhone
		{7D9D17BE-B9DC-4FFB-ABD3-F4EDCD441C78}.Debug|Mixed Platforms.Build.0 = Debug|iPhone
		{7D9D17BE-B9DC-4FFB-ABD3-F4EDCD441C78}.Debug|Mixed Platforms.Deploy.0 = Debug|iPhone
		{7D9D17BE-B9DC-4FFB-ABD3-F4EDCD441C78}.Debug|x86.ActiveCfg = Debug|iPhone
		{7D9D17BE-B9DC-4FFB-ABD3-F4EDCD441C78}.Release|Any CPU.ActiveCfg = Release|iPhone
		{7D9D17BE-B9DC-4FFB-ABD3-F4EDCD441C78}.Release|ARM.ActiveCfg = Release|iPhone
		{7D9D17BE-B9DC-4FFB-ABD3-F4EDCD441C78}.Release|iPhone.ActiveCfg = Release|iPhone
		{7D9D17BE-B9DC-4FFB-ABD3-F4EDCD441C78}.Release|iPhone.Build.0 = Release|iPhone
		{7D9D17BE-B9DC-4FFB-ABD3-F4EDCD441C78}.Release|iPhone.Deploy.0 = Release|iPhone
		{7D9D17BE-B9DC-4FFB-ABD3-F4EDCD441C78}.Release|iPhoneSimulator.ActiveCfg = Release|iPhoneSimulator
		{7D9D17BE-B9DC-4FFB-ABD3-F4EDCD441C78}.Release|iPhoneSimulator.Build.0 = Release|iPhoneSimulator
		{7D9D17BE-B9DC-4FFB-ABD3-F4EDCD441C78}.Release|iPhoneSimulator.Deploy.0 = Release|iPhoneSimulator
		{7D9D17BE-B9DC-4FFB-ABD3-F4EDCD441C78}.Release|Mixed Platforms.ActiveCfg = Release|iPhone
		{7D9D17BE-B9DC-4FFB-ABD3-F4EDCD441C78}.Release|Mixed Platforms.Build.0 = Release|iPhone
		{7D9D17BE-B9DC-4FFB-ABD3-F4EDCD441C78}.Release|Mixed Platforms.Deploy.0 = Release|iPhone
		{7D9D17BE-B9DC-4FFB-ABD3-F4EDCD441C78}.Release|x86.ActiveCfg = Release|iPhone
		{E7AE885E-B044-4969-903E-F2AD2F1A004A}.Ad-Hoc|Any CPU.ActiveCfg = Release|Any CPU
		{E7AE885E-B044-4969-903E-F2AD2F1A004A}.Ad-Hoc|Any CPU.Build.0 = Release|Any CPU
		{E7AE885E-B044-4969-903E-F2AD2F1A004A}.Ad-Hoc|Any CPU.Deploy.0 = Release|Any CPU
		{E7AE885E-B044-4969-903E-F2AD2F1A004A}.Ad-Hoc|ARM.ActiveCfg = Release|Any CPU
		{E7AE885E-B044-4969-903E-F2AD2F1A004A}.Ad-Hoc|iPhone.ActiveCfg = Release|Any CPU
		{E7AE885E-B044-4969-903E-F2AD2F1A004A}.Ad-Hoc|iPhoneSimulator.ActiveCfg = Release|Any CPU
		{E7AE885E-B044-4969-903E-F2AD2F1A004A}.Ad-Hoc|Mixed Platforms.ActiveCfg = Release|Any CPU
		{E7AE885E-B044-4969-903E-F2AD2F1A004A}.Ad-Hoc|Mixed Platforms.Build.0 = Release|Any CPU
		{E7AE885E-B044-4969-903E-F2AD2F1A004A}.Ad-Hoc|Mixed Platforms.Deploy.0 = Release|Any CPU
		{E7AE885E-B044-4969-903E-F2AD2F1A004A}.Ad-Hoc|x86.ActiveCfg = Release|Any CPU
		{E7AE885E-B044-4969-903E-F2AD2F1A004A}.AppStore|Any CPU.ActiveCfg = Release|Any CPU
		{E7AE885E-B044-4969-903E-F2AD2F1A004A}.AppStore|Any CPU.Build.0 = Release|Any CPU
		{E7AE885E-B044-4969-903E-F2AD2F1A004A}.AppStore|Any CPU.Deploy.0 = Release|Any CPU
		{E7AE885E-B044-4969-903E-F2AD2F1A004A}.AppStore|ARM.ActiveCfg = Release|Any CPU
		{E7AE885E-B044-4969-903E-F2AD2F1A004A}.AppStore|iPhone.ActiveCfg = Release|Any CPU
		{E7AE885E-B044-4969-903E-F2AD2F1A004A}.AppStore|iPhoneSimulator.ActiveCfg = Release|Any CPU
		{E7AE885E-B044-4969-903E-F2AD2F1A004A}.AppStore|Mixed Platforms.ActiveCfg = Release|Any CPU
		{E7AE885E-B044-4969-903E-F2AD2F1A004A}.AppStore|Mixed Platforms.Build.0 = Release|Any CPU
		{E7AE885E-B044-4969-903E-F2AD2F1A004A}.AppStore|Mixed Platforms.Deploy.0 = Release|Any CPU
		{E7AE885E-B044-4969-903E-F2AD2F1A004A}.AppStore|x86.ActiveCfg = Release|Any CPU
		{E7AE885E-B044-4969-903E-F2AD2F1A004A}.Debug|Any CPU.ActiveCfg = Debug|Any CPU
		{E7AE885E-B044-4969-903E-F2AD2F1A004A}.Debug|Any CPU.Build.0 = Debug|Any CPU
		{E7AE885E-B044-4969-903E-F2AD2F1A004A}.Debug|Any CPU.Deploy.0 = Debug|Any CPU
		{E7AE885E-B044-4969-903E-F2AD2F1A004A}.Debug|ARM.ActiveCfg = Debug|Any CPU
		{E7AE885E-B044-4969-903E-F2AD2F1A004A}.Debug|iPhone.ActiveCfg = Debug|Any CPU
		{E7AE885E-B044-4969-903E-F2AD2F1A004A}.Debug|iPhoneSimulator.ActiveCfg = Debug|Any CPU
		{E7AE885E-B044-4969-903E-F2AD2F1A004A}.Debug|Mixed Platforms.ActiveCfg = Debug|Any CPU
		{E7AE885E-B044-4969-903E-F2AD2F1A004A}.Debug|Mixed Platforms.Build.0 = Debug|Any CPU
		{E7AE885E-B044-4969-903E-F2AD2F1A004A}.Debug|Mixed Platforms.Deploy.0 = Debug|Any CPU
		{E7AE885E-B044-4969-903E-F2AD2F1A004A}.Debug|x86.ActiveCfg = Debug|Any CPU
		{E7AE885E-B044-4969-903E-F2AD2F1A004A}.Release|Any CPU.ActiveCfg = Release|Any CPU
		{E7AE885E-B044-4969-903E-F2AD2F1A004A}.Release|Any CPU.Build.0 = Release|Any CPU
		{E7AE885E-B044-4969-903E-F2AD2F1A004A}.Release|Any CPU.Deploy.0 = Release|Any CPU
		{E7AE885E-B044-4969-903E-F2AD2F1A004A}.Release|ARM.ActiveCfg = Release|Any CPU
		{E7AE885E-B044-4969-903E-F2AD2F1A004A}.Release|iPhone.ActiveCfg = Release|Any CPU
		{E7AE885E-B044-4969-903E-F2AD2F1A004A}.Release|iPhoneSimulator.ActiveCfg = Release|Any CPU
		{E7AE885E-B044-4969-903E-F2AD2F1A004A}.Release|Mixed Platforms.ActiveCfg = Release|Any CPU
		{E7AE885E-B044-4969-903E-F2AD2F1A004A}.Release|Mixed Platforms.Build.0 = Release|Any CPU
		{E7AE885E-B044-4969-903E-F2AD2F1A004A}.Release|Mixed Platforms.Deploy.0 = Release|Any CPU
		{E7AE885E-B044-4969-903E-F2AD2F1A004A}.Release|x86.ActiveCfg = Release|Any CPU
	EndGlobalSection
	GlobalSection(SolutionProperties) = preSolution
		HideSolutionNode = FALSE
	EndGlobalSection
EndGlobal
